github.com/beevik/etree v1.5.1 h1:TC3zyxYp+81wAmbsi8SWUpZCurbxa6S8RITYRSkNRwo=
github.com/beevik/etree v1.5.1/go.mod h1:gPNJNaBGVZ9AwsidazFZyygnd+0pAU38N4D+WemwKNs=
github.com/davecgh/go-spew v1.1.0/go.mod h1:J7Y8YcW2NihsgmVo/mv3lAwl/skON4iLHjSsI+c5H38=
github.com/google/go-cmp v0.5.0/go.mod h1:v8dTdLbMG2kIc/vJvl+f65V22dbkXbowE6jgT/gNBxE=
github.com/hooklift/gowsdl v0.5.0 h1:DE8RevqhGPLchumV/V7OwbCzfJ8lcozFg1uWC/ESCBQ=
github.com/hooklift/gowsdl v0.5.0/go.mod h1:9kRc402w9Ci/Mek5a1DNgTmU14yPY8fMumxNVvxhis4=
github.com/lestrrat-go/libxml2 v0.0.0-20240905100032-c934e3fcb9d3 h1:ZIYZ0+TEddrxA2dEx4ITTBCdRqRP8Zh+8nb4tSx0nOw=
github.com/lestrrat-go/libxml2 v0.0.0-20240905100032-c934e3fcb9d3/go.mod h1:/0MMipmS+5SMXCSkulsvJwYmddKI4IL5tVy6AZMo9n0=
github.com/pkg/errors v0.9.1 h1:FEBLx1zS214owpjy7qsBeixbURkuhQAwrK5UwLGTwt4=
github.com/pkg/errors v0.9.1/go.mod h1:bwawxfHBFNV+L2hUp1rHADufV3IMtnDRdf1r5NINEl0=
github.com/pmezard/go-difflib v1.0.0/go.mod h1:iKH77koFhYxTK1pcRnkKkqfTogsbg7gZNVY4sRDYZ/4=
github.com/skip2/go-qrcode v0.0.0-20200617195104-da1b6568686e h1:MRM5ITcdelLK2j1vwZ3Je0FKVCfqOLp5zO6trqMLYs0=
github.com/skip2/go-qrcode v0.0.0-20200617195104-da1b6568686e/go.mod h1:XV66xRDqSt+GTGFMVlhk3ULuV0y9ZmzeVGR4mloJI3M=
github.com/stretchr/objx v0.1.0/go.mod h1:HFkY916IF+rwdDfMAkV7OtwuqBVzrE8GR6GFx+wExME=
github.com/stretchr/testify v1.6.1/go.mod h1:6Fq8oRcR53rry900zMqJjRRixrwX3KX962/h/Wwjteg=
github.com/tiaguinho/gosoap v1.4.4 h1:4XZlaqf/y2UAbCPFGcZS4uLKrEvnMr+5pccIyQAUVg4=
github.com/tiaguinho/gosoap v1.4.4/go.mod h1:4vv86Jl19UkOeoJW/aawihXYNJ/Iy2NHkhgmBUJ2Ibk=
golang.org/x/crypto v0.0.0-20190308221718-c2843e01d9a2/go.mod h1:djNgcEr1/C05ACkg1iLfiJU5Ep61QUkGW8qpdssI0+w=
golang.org/x/crypto v0.11.0 h1:6Ewdq3tDic1mg5xRO4milcWCfMVQhI4NkqWWvqejpuA=
golang.org/x/crypto v0.11.0/go.mod h1:xgJhtzW8F9jGdVFWZESrid1U1bjeNy4zgy5cRr/CIio=
golang.org/x/net v0.0.0-20191209160850-c0dbc17a3553/go.mod h1:z5CRVTTTmAJ677TzLLGU+0bjPO0LkuOLi4/5GtJWs/s=
golang.org/x/net v0.10.0 h1:X2//UzNDwYmtCLn7To6G58Wr6f5ahEAQgKNzv9Y951M=
golang.org/x/net v0.10.0/go.mod h1:0qNGK6F8kojg2nk9dLZ2mShWaEBan6FAoqfSigmmuDg=
golang.org/x/sys v0.0.0-20190215142949-d0b11bdaac8a/go.mod h1:STP8DvDyc/dI5b8T5hshtkjS+E42TnysNCUPdjciGhY=
golang.org/x/text v0.3.0/go.mod h1:NqM8EUOU14njkJ3fqMW+pc6Ldnwhi/IjpwHt7yyuwOQ=
golang.org/x/text v0.3.2/go.mod h1:bEr9sfX3Q8Zfm5fL9x+3itogRgK3+ptLWKqgva+5dAk=
golang.org/x/text v0.11.0 h1:LAntKIrcmeSKERyiOh0XMV39LXS8IE9UL2yP7+f5ij4=
golang.org/x/text v0.11.0/go.mod h1:TvPlkZtksWOMsz7fbANvkp4WM8x/WCo/om8BMLbz+aE=
golang.org/x/tools v0.0.0-20180917221912-90fa682c2a6e/go.mod h1:n7NCudcB/nEzxVGmLbDWY5pfWTLqBcC2KZ6jyYvM4mQ=
golang.org/x/xerrors v0.0.0-20191204190536-9bdfabe68543/go.mod h1:I/5z698sn9Ka8TeJc9MKroUUfqBBauWjQqLJ2OPfmY0=
gopkg.in/check.v1 v0.0.0-20161208181325-20d25e280405/go.mod h1:Co6ibVJAznAaIkqp8huTwlJQCZ016jof/cbN4VW5Yz0=
gopkg.in/yaml.v3 v3.0.0-20200313102051-9f266ea9e77c/go.mod h1:K4uyk7z7BCEPqu6E+C64Yfv1cQ7kz7rIZviUmN+EgEM=
gotest.tools v2.2.0+incompatible/go.mod h1:DsYFclhRJ6vuDpmuTbkuFWG+y2sxOXAzmJt81HFBacw=
software.sslmate.com/src/go-pkcs12 v0.5.0 h1:EC6R394xgENTpZ4RltKydeDUjtlM5drOYIG9c6TVj2M=
software.sslmate.com/src/go-pkcs12 v0.5.0/go.mod h1:Qiz0EyvDRJjjxGyUQa2cCNZn/wMyzrRJ/qcDXOQazLI=
